
Microsoft Visual Studio Solution File, Format Version 12.00
# Visual Studio 15
VisualStudioVersion = 15.0.28307.705
MinimumVisualStudioVersion = 10.0.40219.1
Project("{FAE04EC0-301F-11D3-BF4B-00C04F79EFBC}") = "SecondClassTask2", "SecondClassTask2\SecondClassTask2.csproj", "{3725A57B-BFC6-4AB5-8E2E-F940B73319DF}"
EndProject
Global
	GlobalSection(SolutionConfigurationPlatforms) = preSolution
		Debug|Any CPU = Debug|Any CPU
		Release|Any CPU = Release|Any CPU
	EndGlobalSection
	GlobalSection(ProjectConfigurationPlatforms) = postSolution
		{3725A57B-BFC6-4AB5-8E2E-F940B73319DF}.Debug|Any CPU.ActiveCfg = Debug|Any CPU
		{3725A57B-BFC6-4AB5-8E2E-F940B73319DF}.Debug|Any CPU.Build.0 = Debug|Any CPU
		{3725A57B-BFC6-4AB5-8E2E-F940B73319DF}.Release|Any CPU.ActiveCfg = Release|Any CPU
		{3725A57B-BFC6-4AB5-8E2E-F940B73319DF}.Release|Any CPU.Build.0 = Release|Any CPU
	EndGlobalSection
	GlobalSection(SolutionProperties) = preSolution
		HideSolutionNode = FALSE
	EndGlobalSection
	GlobalSection(ExtensibilityGlobals) = postSolution
		SolutionGuid = {59F2CC8D-5015-435D-AC40-254193053180}
	EndGlobalSection
EndGlobal
